
Microsoft Visual Studio Solution File, Format Version 12.00
# Visual Studio Version 17
VisualStudioVersion = 17.1.32407.343
MinimumVisualStudioVersion = 10.0.40219.1
Project("{FAE04EC0-301F-11D3-BF4B-00C04F79EFBC}") = "hellocontainers", "hellocontainers\hellocontainers.csproj", "{995ECA9F-97C8-4F74-B918-113964F08AD6}"
EndProject
Global
	GlobalSection(SolutionConfigurationPlatforms) = preSolution
		Debug|Any CPU = Debug|Any CPU
		Release|Any CPU = Release|Any CPU
	EndGlobalSection
	GlobalSection(ProjectConfigurationPlatforms) = postSolution
		{995ECA9F-97C8-4F74-B918-113964F08AD6}.Debug|Any CPU.ActiveCfg = Debug|Any CPU
		{995ECA9F-97C8-4F74-B918-113964F08AD6}.Debug|Any CPU.Build.0 = Debug|Any CPU
		{995ECA9F-97C8-4F74-B918-113964F08AD6}.Release|Any CPU.ActiveCfg = Release|Any CPU
		{995ECA9F-97C8-4F74-B918-113964F08AD6}.Release|Any CPU.Build.0 = Release|Any CPU
	EndGlobalSection
	GlobalSection(SolutionProperties) = preSolution
		HideSolutionNode = FALSE
	EndGlobalSection
	GlobalSection(ExtensibilityGlobals) = postSolution
		SolutionGuid = {5D51508F-72B0-43AC-8FEA-B49CA98E9BEE}
	EndGlobalSection
EndGlobal
